{
  "pins" : [
    {
      "identity" : "swift-argument-parser",
      "kind" : "remoteSourceControl",
      "location" : "https://github.com/apple/swift-argument-parser.git",
      "state" : {
        "revision" : "011f0c765fb46d9cac61bca19be0527e99c98c8b",
        "version" : "1.5.1"
      }
    },
    {
      "identity" : "swift-html-entities",
      "kind" : "remoteSourceControl",
      "location" : "https://github.com/Kitura/swift-html-entities.git",
      "state" : {
        "revision" : "2b14531d0c36dbb7c1c45a4d38db9c2e7898a307",
        "version" : "3.0.200"
      }
    },
    {
      "identity" : "swift-syntax",
      "kind" : "remoteSourceControl",
      "location" : "https://github.com/swiftlang/swift-syntax.git",
      "state" : {
        "branch" : "600.0.1",
        "revision" : "0687f71944021d616d34d922343dcef086855920"
      }
    }
  ],
  "version" : 2
}
