// !$*UTF8*$!
{
	archiveVersion = 1;
	classes = {
	};
	objectVersion = 56;
	objects = {

/* Begin PBXBuildFile section */
		192C58C52A3FF864001873C9 /* Parameter.swift in Sources */ = {isa = PBXBuildFile; fileRef = 192C58C42A3FF864001873C9 /* Parameter.swift */; };
		192C58C72A3FFAA7001873C9 /* InoutTracker.swift in Sources */ = {isa = PBXBuildFile; fileRef = 192C58C62A3FFAA7001873C9 /* InoutTracker.swift */; };
		192C58C92A400360001873C9 /* AvailabilityTracker.swift in Sources */ = {isa = PBXBuildFile; fileRef = 192C58C82A400360001873C9 /* AvailabilityTracker.swift */; };
		196081992A2EC8BF006A6286 /* ParseSwiftmodule.swift in Sources */ = {isa = PBXBuildFile; fileRef = 196081982A2EC8BF006A6286 /* ParseSwiftmodule.swift */; };
		1960819B2A2EE446006A6286 /* SwiftmoduleFinder.swift in Sources */ = {isa = PBXBuildFile; fileRef = 1960819A2A2EE446006A6286 /* SwiftmoduleFinder.swift */; };
		19D0EBD72A402CB4003C8B19 /* AttributeTracker.swift in Sources */ = {isa = PBXBuildFile; fileRef = 19D0EBD62A402CB4003C8B19 /* AttributeTracker.swift */; };
		19D0EBD92A403C0B003C8B19 /* Attribute.swift in Sources */ = {isa = PBXBuildFile; fileRef = 19D0EBD82A403C0B003C8B19 /* Attribute.swift */; };
		19D0EBDB2A40505F003C8B19 /* BaseDeclParser.swift in Sources */ = {isa = PBXBuildFile; fileRef = 19D0EBDA2A40505F003C8B19 /* BaseDeclParser.swift */; };
		19D0EBDE2A4057C8003C8B19 /* ArgumentParser in Frameworks */ = {isa = PBXBuildFile; productRef = 19D0EBDD2A4057C8003C8B19 /* ArgumentParser */; };
		19D0EBE02A40E043003C8B19 /* Import.swift in Sources */ = {isa = PBXBuildFile; fileRef = 19D0EBDF2A40E043003C8B19 /* Import.swift */; };
		19D0EBE32A40E971003C8B19 /* AnyTypeCollectionParser.swift in Sources */ = {isa = PBXBuildFile; fileRef = 19D0EBE22A40E971003C8B19 /* AnyTypeCollectionParser.swift */; };
		19D723312931945700B05410 /* Compare.swift in Sources */ = {isa = PBXBuildFile; fileRef = 19D723302931945700B05410 /* Compare.swift */; };
		19D723392931947700B05410 /* SwiftDiagnostics in Frameworks */ = {isa = PBXBuildFile; productRef = 19D723382931947700B05410 /* SwiftDiagnostics */; };
		19D7233B2931947700B05410 /* SwiftOperators in Frameworks */ = {isa = PBXBuildFile; productRef = 19D7233A2931947700B05410 /* SwiftOperators */; };
		19D7233D2931947700B05410 /* SwiftParser in Frameworks */ = {isa = PBXBuildFile; productRef = 19D7233C2931947700B05410 /* SwiftParser */; };
		19D7233F2931947700B05410 /* SwiftParserDiagnostics in Frameworks */ = {isa = PBXBuildFile; productRef = 19D7233E2931947700B05410 /* SwiftParserDiagnostics */; };
		19D723412931947700B05410 /* SwiftSyntax in Frameworks */ = {isa = PBXBuildFile; productRef = 19D723402931947700B05410 /* SwiftSyntax */; };
		19FF60D62A3F9EE6001303FB /* TypeNameTracker.swift in Sources */ = {isa = PBXBuildFile; fileRef = 19FF60D52A3F9EE6001303FB /* TypeNameTracker.swift */; };
		19FF60F02A3FA270001303FB /* ClassTracker.swift in Sources */ = {isa = PBXBuildFile; fileRef = 19FF60EF2A3FA270001303FB /* ClassTracker.swift */; };
		19FF60F22A3FA277001303FB /* EnumTracker.swift in Sources */ = {isa = PBXBuildFile; fileRef = 19FF60F12A3FA277001303FB /* EnumTracker.swift */; };
		19FF60F42A3FA27E001303FB /* ProtocolTracker.swift in Sources */ = {isa = PBXBuildFile; fileRef = 19FF60F32A3FA27E001303FB /* ProtocolTracker.swift */; };
		19FF60F62A3FA286001303FB /* StructTracker.swift in Sources */ = {isa = PBXBuildFile; fileRef = 19FF60F52A3FA286001303FB /* StructTracker.swift */; };
		19FF60F82A3FA2AC001303FB /* ExtensionTracker.swift in Sources */ = {isa = PBXBuildFile; fileRef = 19FF60F72A3FA2AC001303FB /* ExtensionTracker.swift */; };
		19FF60FA2A3FA52A001303FB /* VariableTracker.swift in Sources */ = {isa = PBXBuildFile; fileRef = 19FF60F92A3FA52A001303FB /* VariableTracker.swift */; };
		19FF60FC2A3FA530001303FB /* TypealiasTracker.swift in Sources */ = {isa = PBXBuildFile; fileRef = 19FF60FB2A3FA530001303FB /* TypealiasTracker.swift */; };
		19FF60FE2A3FA538001303FB /* OperatorTracker.swift in Sources */ = {isa = PBXBuildFile; fileRef = 19FF60FD2A3FA538001303FB /* OperatorTracker.swift */; };
		19FF61032A3FA66E001303FB /* Availability.swift in Sources */ = {isa = PBXBuildFile; fileRef = 19FF61022A3FA66E001303FB /* Availability.swift */; };
		19FF61052A3FA679001303FB /* Member.swift in Sources */ = {isa = PBXBuildFile; fileRef = 19FF61042A3FA679001303FB /* Member.swift */; };
		19FF61072A3FA68B001303FB /* DataType.swift in Sources */ = {isa = PBXBuildFile; fileRef = 19FF61062A3FA68B001303FB /* DataType.swift */; };
		19FF61092A3FA6A0001303FB /* Framework.swift in Sources */ = {isa = PBXBuildFile; fileRef = 19FF61082A3FA6A0001303FB /* Framework.swift */; };
		19FF610B2A3FA74D001303FB /* FunctionTracker.swift in Sources */ = {isa = PBXBuildFile; fileRef = 19FF610A2A3FA74D001303FB /* FunctionTracker.swift */; };
		19FF610E2A3FAAF1001303FB /* EnumCaseTracker.swift in Sources */ = {isa = PBXBuildFile; fileRef = 19FF610D2A3FAAF1001303FB /* EnumCaseTracker.swift */; };
		19FF61102A3FAB71001303FB /* AssociatedTypeTracker.swift in Sources */ = {isa = PBXBuildFile; fileRef = 19FF610F2A3FAB71001303FB /* AssociatedTypeTracker.swift */; };
		19FF61122A3FABC2001303FB /* AnyTypeParser.swift in Sources */ = {isa = PBXBuildFile; fileRef = 19FF61112A3FABC2001303FB /* AnyTypeParser.swift */; };
		19FF61182A3FD4F5001303FB /* InheritanceTracker.swift in Sources */ = {isa = PBXBuildFile; fileRef = 19FF61172A3FD4F5001303FB /* InheritanceTracker.swift */; };
		19FF611A2A3FD7FC001303FB /* ImportTracker.swift in Sources */ = {isa = PBXBuildFile; fileRef = 19FF61192A3FD7FC001303FB /* ImportTracker.swift */; };
/* End PBXBuildFile section */

/* Begin PBXCopyFilesBuildPhase section */
		19D7232B2931945700B05410 /* CopyFiles */ = {
			isa = PBXCopyFilesBuildPhase;
			buildActionMask = 2147483647;
			dstPath = /usr/share/man/man1/;
			dstSubfolderSpec = 0;
			files = (
			);
			runOnlyForDeploymentPostprocessing = 1;
		};
/* End PBXCopyFilesBuildPhase section */

/* Begin PBXFileReference section */
		192C58C42A3FF864001873C9 /* Parameter.swift */ = {isa = PBXFileReference; lastKnownFileType = sourcecode.swift; path = Parameter.swift; sourceTree = "<group>"; };
		192C58C62A3FFAA7001873C9 /* InoutTracker.swift */ = {isa = PBXFileReference; lastKnownFileType = sourcecode.swift; path = InoutTracker.swift; sourceTree = "<group>"; };
		192C58C82A400360001873C9 /* AvailabilityTracker.swift */ = {isa = PBXFileReference; lastKnownFileType = sourcecode.swift; path = AvailabilityTracker.swift; sourceTree = "<group>"; };
		196081982A2EC8BF006A6286 /* ParseSwiftmodule.swift */ = {isa = PBXFileReference; lastKnownFileType = sourcecode.swift; path = ParseSwiftmodule.swift; sourceTree = "<group>"; };
		1960819A2A2EE446006A6286 /* SwiftmoduleFinder.swift */ = {isa = PBXFileReference; lastKnownFileType = sourcecode.swift; path = SwiftmoduleFinder.swift; sourceTree = "<group>"; };
		19D0EBD62A402CB4003C8B19 /* AttributeTracker.swift */ = {isa = PBXFileReference; lastKnownFileType = sourcecode.swift; path = AttributeTracker.swift; sourceTree = "<group>"; };
		19D0EBD82A403C0B003C8B19 /* Attribute.swift */ = {isa = PBXFileReference; lastKnownFileType = sourcecode.swift; path = Attribute.swift; sourceTree = "<group>"; };
		19D0EBDA2A40505F003C8B19 /* BaseDeclParser.swift */ = {isa = PBXFileReference; lastKnownFileType = sourcecode.swift; path = BaseDeclParser.swift; sourceTree = "<group>"; };
		19D0EBDF2A40E043003C8B19 /* Import.swift */ = {isa = PBXFileReference; lastKnownFileType = sourcecode.swift; path = Import.swift; sourceTree = "<group>"; };
		19D0EBE22A40E971003C8B19 /* AnyTypeCollectionParser.swift */ = {isa = PBXFileReference; lastKnownFileType = sourcecode.swift; path = AnyTypeCollectionParser.swift; sourceTree = "<group>"; };
		19D7232D2931945700B05410 /* swiftmodule-diff */ = {isa = PBXFileReference; explicitFileType = "compiled.mach-o.executable"; includeInIndex = 0; path = "swiftmodule-diff"; sourceTree = BUILT_PRODUCTS_DIR; };
		19D723302931945700B05410 /* Compare.swift */ = {isa = PBXFileReference; lastKnownFileType = sourcecode.swift; path = Compare.swift; sourceTree = "<group>"; };
		19FF60D52A3F9EE6001303FB /* TypeNameTracker.swift */ = {isa = PBXFileReference; lastKnownFileType = sourcecode.swift; path = TypeNameTracker.swift; sourceTree = "<group>"; };
		19FF60EF2A3FA270001303FB /* ClassTracker.swift */ = {isa = PBXFileReference; lastKnownFileType = sourcecode.swift; path = ClassTracker.swift; sourceTree = "<group>"; };
		19FF60F12A3FA277001303FB /* EnumTracker.swift */ = {isa = PBXFileReference; lastKnownFileType = sourcecode.swift; path = EnumTracker.swift; sourceTree = "<group>"; };
		19FF60F32A3FA27E001303FB /* ProtocolTracker.swift */ = {isa = PBXFileReference; lastKnownFileType = sourcecode.swift; path = ProtocolTracker.swift; sourceTree = "<group>"; };
		19FF60F52A3FA286001303FB /* StructTracker.swift */ = {isa = PBXFileReference; lastKnownFileType = sourcecode.swift; path = StructTracker.swift; sourceTree = "<group>"; };
		19FF60F72A3FA2AC001303FB /* ExtensionTracker.swift */ = {isa = PBXFileReference; lastKnownFileType = sourcecode.swift; path = ExtensionTracker.swift; sourceTree = "<group>"; };
		19FF60F92A3FA52A001303FB /* VariableTracker.swift */ = {isa = PBXFileReference; lastKnownFileType = sourcecode.swift; path = VariableTracker.swift; sourceTree = "<group>"; };
		19FF60FB2A3FA530001303FB /* TypealiasTracker.swift */ = {isa = PBXFileReference; lastKnownFileType = sourcecode.swift; path = TypealiasTracker.swift; sourceTree = "<group>"; };
		19FF60FD2A3FA538001303FB /* OperatorTracker.swift */ = {isa = PBXFileReference; lastKnownFileType = sourcecode.swift; path = OperatorTracker.swift; sourceTree = "<group>"; };
		19FF61022A3FA66E001303FB /* Availability.swift */ = {isa = PBXFileReference; lastKnownFileType = sourcecode.swift; path = Availability.swift; sourceTree = "<group>"; };
		19FF61042A3FA679001303FB /* Member.swift */ = {isa = PBXFileReference; lastKnownFileType = sourcecode.swift; path = Member.swift; sourceTree = "<group>"; };
		19FF61062A3FA68B001303FB /* DataType.swift */ = {isa = PBXFileReference; lastKnownFileType = sourcecode.swift; path = DataType.swift; sourceTree = "<group>"; };
		19FF61082A3FA6A0001303FB /* Framework.swift */ = {isa = PBXFileReference; lastKnownFileType = sourcecode.swift; path = Framework.swift; sourceTree = "<group>"; };
		19FF610A2A3FA74D001303FB /* FunctionTracker.swift */ = {isa = PBXFileReference; lastKnownFileType = sourcecode.swift; path = FunctionTracker.swift; sourceTree = "<group>"; };
		19FF610D2A3FAAF1001303FB /* EnumCaseTracker.swift */ = {isa = PBXFileReference; lastKnownFileType = sourcecode.swift; path = EnumCaseTracker.swift; sourceTree = "<group>"; };
		19FF610F2A3FAB71001303FB /* AssociatedTypeTracker.swift */ = {isa = PBXFileReference; lastKnownFileType = sourcecode.swift; path = AssociatedTypeTracker.swift; sourceTree = "<group>"; };
		19FF61112A3FABC2001303FB /* AnyTypeParser.swift */ = {isa = PBXFileReference; lastKnownFileType = sourcecode.swift; path = AnyTypeParser.swift; sourceTree = "<group>"; };
		19FF61172A3FD4F5001303FB /* InheritanceTracker.swift */ = {isa = PBXFileReference; lastKnownFileType = sourcecode.swift; path = InheritanceTracker.swift; sourceTree = "<group>"; };
		19FF61192A3FD7FC001303FB /* ImportTracker.swift */ = {isa = PBXFileReference; lastKnownFileType = sourcecode.swift; path = ImportTracker.swift; sourceTree = "<group>"; };
/* End PBXFileReference section */

/* Begin PBXFrameworksBuildPhase section */
		19D7232A2931945700B05410 /* Frameworks */ = {
			isa = PBXFrameworksBuildPhase;
			buildActionMask = 2147483647;
			files = (
				19D0EBDE2A4057C8003C8B19 /* ArgumentParser in Frameworks */,
				19D7233F2931947700B05410 /* SwiftParserDiagnostics in Frameworks */,
				19D7233B2931947700B05410 /* SwiftOperators in Frameworks */,
				19D723412931947700B05410 /* SwiftSyntax in Frameworks */,
				19D7233D2931947700B05410 /* SwiftParser in Frameworks */,
				19D723392931947700B05410 /* SwiftDiagnostics in Frameworks */,
			);
			runOnlyForDeploymentPostprocessing = 0;
		};
/* End PBXFrameworksBuildPhase section */

/* Begin PBXGroup section */
		192C58992A3FE6DA001873C9 /* Decorator Parsers */ = {
			isa = PBXGroup;
			children = (
				19D0EBDA2A40505F003C8B19 /* BaseDeclParser.swift */,
				192C58C82A400360001873C9 /* AvailabilityTracker.swift */,
				19D0EBD62A402CB4003C8B19 /* AttributeTracker.swift */,
				192C58C62A3FFAA7001873C9 /* InoutTracker.swift */,
			);
			path = "Decorator Parsers";
			sourceTree = "<group>";
		};
		19D0EBE12A40E682003C8B19 /* Logic Types */ = {
			isa = PBXGroup;
			children = (
				19FF61112A3FABC2001303FB /* AnyTypeParser.swift */,
				19D0EBE22A40E971003C8B19 /* AnyTypeCollectionParser.swift */,
			);
			path = "Logic Types";
			sourceTree = "<group>";
		};
		19D723242931945700B05410 = {
			isa = PBXGroup;
			children = (
				19D7232F2931945700B05410 /* Code */,
				19D7232E2931945700B05410 /* Products */,
			);
			sourceTree = "<group>";
		};
		19D7232E2931945700B05410 /* Products */ = {
			isa = PBXGroup;
			children = (
				19D7232D2931945700B05410 /* swiftmodule-diff */,
			);
			name = Products;
			sourceTree = "<group>";
		};
		19D7232F2931945700B05410 /* Code */ = {
			isa = PBXGroup;
			children = (
				19D723302931945700B05410 /* Compare.swift */,
				19FF61012A3FA656001303FB /* Data Types */,
				19D0EBE12A40E682003C8B19 /* Logic Types */,
				19FF60EE2A3FA250001303FB /* Framework Parsers */,
				19FF60EC2A3FA233001303FB /* Data Structure Parsers */,
				19FF60ED2A3FA242001303FB /* Member Type Parsers */,
				192C58992A3FE6DA001873C9 /* Decorator Parsers */,
				19FF610C2A3FA956001303FB /* Primitive Parsers */,
			);
			path = Code;
			sourceTree = "<group>";
		};
		19FF60EC2A3FA233001303FB /* Data Structure Parsers */ = {
			isa = PBXGroup;
			children = (
				19FF610F2A3FAB71001303FB /* AssociatedTypeTracker.swift */,
				19FF60EF2A3FA270001303FB /* ClassTracker.swift */,
				19FF60F12A3FA277001303FB /* EnumTracker.swift */,
				19FF60F72A3FA2AC001303FB /* ExtensionTracker.swift */,
				19FF60F32A3FA27E001303FB /* ProtocolTracker.swift */,
				19FF60F52A3FA286001303FB /* StructTracker.swift */,
			);
			path = "Data Structure Parsers";
			sourceTree = "<group>";
		};
		19FF60ED2A3FA242001303FB /* Member Type Parsers */ = {
			isa = PBXGroup;
			children = (
				19FF610D2A3FAAF1001303FB /* EnumCaseTracker.swift */,
				19FF610A2A3FA74D001303FB /* FunctionTracker.swift */,
				19FF60FD2A3FA538001303FB /* OperatorTracker.swift */,
				19FF60FB2A3FA530001303FB /* TypealiasTracker.swift */,
				19FF60F92A3FA52A001303FB /* VariableTracker.swift */,
			);
			path = "Member Type Parsers";
			sourceTree = "<group>";
		};
		19FF60EE2A3FA250001303FB /* Framework Parsers */ = {
			isa = PBXGroup;
			children = (
				196081982A2EC8BF006A6286 /* ParseSwiftmodule.swift */,
				1960819A2A2EE446006A6286 /* SwiftmoduleFinder.swift */,
			);
			path = "Framework Parsers";
			sourceTree = "<group>";
		};
		19FF61012A3FA656001303FB /* Data Types */ = {
			isa = PBXGroup;
			children = (
				19D0EBD82A403C0B003C8B19 /* Attribute.swift */,
				19FF61022A3FA66E001303FB /* Availability.swift */,
				19FF61062A3FA68B001303FB /* DataType.swift */,
				19FF61082A3FA6A0001303FB /* Framework.swift */,
				19D0EBDF2A40E043003C8B19 /* Import.swift */,
				19FF61042A3FA679001303FB /* Member.swift */,
				192C58C42A3FF864001873C9 /* Parameter.swift */,
			);
			path = "Data Types";
			sourceTree = "<group>";
		};
		19FF610C2A3FA956001303FB /* Primitive Parsers */ = {
			isa = PBXGroup;
			children = (
				19FF60D52A3F9EE6001303FB /* TypeNameTracker.swift */,
				19FF61172A3FD4F5001303FB /* InheritanceTracker.swift */,
				19FF61192A3FD7FC001303FB /* ImportTracker.swift */,
			);
			path = "Primitive Parsers";
			sourceTree = "<group>";
		};
/* End PBXGroup section */

/* Begin PBXNativeTarget section */
		19D7232C2931945700B05410 /* swiftmodule-diff */ = {
			isa = PBXNativeTarget;
			buildConfigurationList = 19D723342931945700B05410 /* Build configuration list for PBXNativeTarget "swiftmodule-diff" */;
			buildPhases = (
				19D723292931945700B05410 /* Sources */,
				19D7232A2931945700B05410 /* Frameworks */,
				19D7232B2931945700B05410 /* CopyFiles */,
			);
			buildRules = (
			);
			dependencies = (
			);
			name = "swiftmodule-diff";
			packageProductDependencies = (
				19D723382931947700B05410 /* SwiftDiagnostics */,
				19D7233A2931947700B05410 /* SwiftOperators */,
				19D7233C2931947700B05410 /* SwiftParser */,
				19D7233E2931947700B05410 /* SwiftParserDiagnostics */,
				19D723402931947700B05410 /* SwiftSyntax */,
				19D0EBDD2A4057C8003C8B19 /* ArgumentParser */,
			);
			productName = 3;
			productReference = 19D7232D2931945700B05410 /* swiftmodule-diff */;
			productType = "com.apple.product-type.tool";
		};
/* End PBXNativeTarget section */

/* Begin PBXProject section */
		19D723252931945700B05410 /* Project object */ = {
			isa = PBXProject;
			attributes = {
				BuildIndependentTargetsInParallel = 1;
				LastSwiftUpdateCheck = 1410;
				LastUpgradeCheck = 1500;
				TargetAttributes = {
					19D7232C2931945700B05410 = {
						CreatedOnToolsVersion = 14.1;
					};
				};
			};
			buildConfigurationList = 19D723282931945700B05410 /* Build configuration list for PBXProject "swiftmodule-diff" */;
			compatibilityVersion = "Xcode 14.0";
			developmentRegion = en;
			hasScannedForEncodings = 0;
			knownRegions = (
				en,
				Base,
			);
			mainGroup = 19D723242931945700B05410;
			packageReferences = (
				19D723372931947700B05410 /* XCRemoteSwiftPackageReference "swift-syntax" */,
				19D0EBDC2A4057C8003C8B19 /* XCRemoteSwiftPackageReference "swift-argument-parser" */,
			);
			productRefGroup = 19D7232E2931945700B05410 /* Products */;
			projectDirPath = "";
			projectRoot = "";
			targets = (
				19D7232C2931945700B05410 /* swiftmodule-diff */,
			);
		};
/* End PBXProject section */

/* Begin PBXSourcesBuildPhase section */
		19D723292931945700B05410 /* Sources */ = {
			isa = PBXSourcesBuildPhase;
			buildActionMask = 2147483647;
			files = (
				19D723312931945700B05410 /* Compare.swift in Sources */,
				19D0EBD72A402CB4003C8B19 /* AttributeTracker.swift in Sources */,
				19D0EBDB2A40505F003C8B19 /* BaseDeclParser.swift in Sources */,
				19FF60FA2A3FA52A001303FB /* VariableTracker.swift in Sources */,
				19FF610B2A3FA74D001303FB /* FunctionTracker.swift in Sources */,
				196081992A2EC8BF006A6286 /* ParseSwiftmodule.swift in Sources */,
				19FF61032A3FA66E001303FB /* Availability.swift in Sources */,
				19FF61092A3FA6A0001303FB /* Framework.swift in Sources */,
				19D0EBE02A40E043003C8B19 /* Import.swift in Sources */,
				19FF60F02A3FA270001303FB /* ClassTracker.swift in Sources */,
				19FF61182A3FD4F5001303FB /* InheritanceTracker.swift in Sources */,
				19FF60FE2A3FA538001303FB /* OperatorTracker.swift in Sources */,
				19FF60F42A3FA27E001303FB /* ProtocolTracker.swift in Sources */,
				1960819B2A2EE446006A6286 /* SwiftmoduleFinder.swift in Sources */,
				19FF61072A3FA68B001303FB /* DataType.swift in Sources */,
				19FF60FC2A3FA530001303FB /* TypealiasTracker.swift in Sources */,
				19FF61102A3FAB71001303FB /* AssociatedTypeTracker.swift in Sources */,
				19FF60F22A3FA277001303FB /* EnumTracker.swift in Sources */,
				19FF611A2A3FD7FC001303FB /* ImportTracker.swift in Sources */,
				192C58C52A3FF864001873C9 /* Parameter.swift in Sources */,
				19FF60F62A3FA286001303FB /* StructTracker.swift in Sources */,
				192C58C72A3FFAA7001873C9 /* InoutTracker.swift in Sources */,
				19D0EBE32A40E971003C8B19 /* AnyTypeCollectionParser.swift in Sources */,
				19FF61122A3FABC2001303FB /* AnyTypeParser.swift in Sources */,
				192C58C92A400360001873C9 /* AvailabilityTracker.swift in Sources */,
				19FF60D62A3F9EE6001303FB /* TypeNameTracker.swift in Sources */,
				19FF60F82A3FA2AC001303FB /* ExtensionTracker.swift in Sources */,
				19FF610E2A3FAAF1001303FB /* EnumCaseTracker.swift in Sources */,
				19D0EBD92A403C0B003C8B19 /* Attribute.swift in Sources */,
				19FF61052A3FA679001303FB /* Member.swift in Sources */,
			);
			runOnlyForDeploymentPostprocessing = 0;
		};
/* End PBXSourcesBuildPhase section */

/* Begin XCBuildConfiguration section */
		19D723322931945700B05410 /* Debug */ = {
			isa = XCBuildConfiguration;
			buildSettings = {
				ALWAYS_SEARCH_USER_PATHS = NO;
				CLANG_ANALYZER_NONNULL = YES;
				CLANG_ANALYZER_NUMBER_OBJECT_CONVERSION = YES_AGGRESSIVE;
				CLANG_CXX_LANGUAGE_STANDARD = "gnu++20";
				CLANG_ENABLE_MODULES = YES;
				CLANG_ENABLE_OBJC_ARC = YES;
				CLANG_ENABLE_OBJC_WEAK = YES;
				CLANG_WARN_BLOCK_CAPTURE_AUTORELEASING = YES;
				CLANG_WARN_BOOL_CONVERSION = YES;
				CLANG_WARN_COMMA = YES;
				CLANG_WARN_CONSTANT_CONVERSION = YES;
				CLANG_WARN_DEPRECATED_OBJC_IMPLEMENTATIONS = YES;
				CLANG_WARN_DIRECT_OBJC_ISA_USAGE = YES_ERROR;
				CLANG_WARN_DOCUMENTATION_COMMENTS = YES;
				CLANG_WARN_EMPTY_BODY = YES;
				CLANG_WARN_ENUM_CONVERSION = YES;
				CLANG_WARN_INFINITE_RECURSION = YES;
				CLANG_WARN_INT_CONVERSION = YES;
				CLANG_WARN_NON_LITERAL_NULL_CONVERSION = YES;
				CLANG_WARN_OBJC_IMPLICIT_RETAIN_SELF = YES;
				CLANG_WARN_OBJC_LITERAL_CONVERSION = YES;
				CLANG_WARN_OBJC_ROOT_CLASS = YES_ERROR;
				CLANG_WARN_QUOTED_INCLUDE_IN_FRAMEWORK_HEADER = YES;
				CLANG_WARN_RANGE_LOOP_ANALYSIS = YES;
				CLANG_WARN_STRICT_PROTOTYPES = YES;
				CLANG_WARN_SUSPICIOUS_MOVE = YES;
				CLANG_WARN_UNGUARDED_AVAILABILITY = YES_AGGRESSIVE;
				CLANG_WARN_UNREACHABLE_CODE = YES;
				CLANG_WARN__DUPLICATE_METHOD_MATCH = YES;
				COPY_PHASE_STRIP = NO;
				DEAD_CODE_STRIPPING = YES;
				DEBUG_INFORMATION_FORMAT = dwarf;
				ENABLE_STRICT_OBJC_MSGSEND = YES;
				ENABLE_TESTABILITY = YES;
				ENABLE_USER_SCRIPT_SANDBOXING = YES;
				GCC_C_LANGUAGE_STANDARD = gnu11;
				GCC_DYNAMIC_NO_PIC = NO;
				GCC_NO_COMMON_BLOCKS = YES;
				GCC_OPTIMIZATION_LEVEL = 0;
				GCC_PREPROCESSOR_DEFINITIONS = (
					"DEBUG=1",
					"$(inherited)",
				);
				GCC_WARN_64_TO_32_BIT_CONVERSION = YES;
				GCC_WARN_ABOUT_RETURN_TYPE = YES_ERROR;
				GCC_WARN_UNDECLARED_SELECTOR = YES;
				GCC_WARN_UNINITIALIZED_AUTOS = YES_AGGRESSIVE;
				GCC_WARN_UNUSED_FUNCTION = YES;
				GCC_WARN_UNUSED_VARIABLE = YES;
				MACOSX_DEPLOYMENT_TARGET = 13.0;
				MTL_ENABLE_DEBUG_INFO = INCLUDE_SOURCE;
				MTL_FAST_MATH = YES;
				ONLY_ACTIVE_ARCH = YES;
				SDKROOT = macosx;
				SWIFT_ACTIVE_COMPILATION_CONDITIONS = DEBUG;
				SWIFT_OPTIMIZATION_LEVEL = "-Onone";
			};
			name = Debug;
		};
		19D723332931945700B05410 /* Release */ = {
			isa = XCBuildConfiguration;
			buildSettings = {
				ALWAYS_SEARCH_USER_PATHS = NO;
				CLANG_ANALYZER_NONNULL = YES;
				CLANG_ANALYZER_NUMBER_OBJECT_CONVERSION = YES_AGGRESSIVE;
				CLANG_CXX_LANGUAGE_STANDARD = "gnu++20";
				CLANG_ENABLE_MODULES = YES;
				CLANG_ENABLE_OBJC_ARC = YES;
				CLANG_ENABLE_OBJC_WEAK = YES;
				CLANG_WARN_BLOCK_CAPTURE_AUTORELEASING = YES;
				CLANG_WARN_BOOL_CONVERSION = YES;
				CLANG_WARN_COMMA = YES;
				CLANG_WARN_CONSTANT_CONVERSION = YES;
				CLANG_WARN_DEPRECATED_OBJC_IMPLEMENTATIONS = YES;
				CLANG_WARN_DIRECT_OBJC_ISA_USAGE = YES_ERROR;
				CLANG_WARN_DOCUMENTATION_COMMENTS = YES;
				CLANG_WARN_EMPTY_BODY = YES;
				CLANG_WARN_ENUM_CONVERSION = YES;
				CLANG_WARN_INFINITE_RECURSION = YES;
				CLANG_WARN_INT_CONVERSION = YES;
				CLANG_WARN_NON_LITERAL_NULL_CONVERSION = YES;
				CLANG_WARN_OBJC_IMPLICIT_RETAIN_SELF = YES;
				CLANG_WARN_OBJC_LITERAL_CONVERSION = YES;
				CLANG_WARN_OBJC_ROOT_CLASS = YES_ERROR;
				CLANG_WARN_QUOTED_INCLUDE_IN_FRAMEWORK_HEADER = YES;
				CLANG_WARN_RANGE_LOOP_ANALYSIS = YES;
				CLANG_WARN_STRICT_PROTOTYPES = YES;
				CLANG_WARN_SUSPICIOUS_MOVE = YES;
				CLANG_WARN_UNGUARDED_AVAILABILITY = YES_AGGRESSIVE;
				CLANG_WARN_UNREACHABLE_CODE = YES;
				CLANG_WARN__DUPLICATE_METHOD_MATCH = YES;
				COPY_PHASE_STRIP = NO;
				DEAD_CODE_STRIPPING = YES;
				DEBUG_INFORMATION_FORMAT = "dwarf-with-dsym";
				ENABLE_NS_ASSERTIONS = NO;
				ENABLE_STRICT_OBJC_MSGSEND = YES;
				ENABLE_USER_SCRIPT_SANDBOXING = YES;
				GCC_C_LANGUAGE_STANDARD = gnu11;
				GCC_NO_COMMON_BLOCKS = YES;
				GCC_WARN_64_TO_32_BIT_CONVERSION = YES;
				GCC_WARN_ABOUT_RETURN_TYPE = YES_ERROR;
				GCC_WARN_UNDECLARED_SELECTOR = YES;
				GCC_WARN_UNINITIALIZED_AUTOS = YES_AGGRESSIVE;
				GCC_WARN_UNUSED_FUNCTION = YES;
				GCC_WARN_UNUSED_VARIABLE = YES;
				MACOSX_DEPLOYMENT_TARGET = 13.0;
				MTL_ENABLE_DEBUG_INFO = NO;
				MTL_FAST_MATH = YES;
				SDKROOT = macosx;
				SWIFT_COMPILATION_MODE = wholemodule;
				SWIFT_OPTIMIZATION_LEVEL = "-O";
			};
			name = Release;
		};
		19D723352931945700B05410 /* Debug */ = {
			isa = XCBuildConfiguration;
			buildSettings = {
				CODE_SIGN_STYLE = Automatic;
				DEAD_CODE_STRIPPING = YES;
				DEVELOPMENT_TEAM = 37EUQ42C7J;
				DOCC_EXTRACT_EXTENSION_SYMBOLS = NO;
				ENABLE_HARDENED_RUNTIME = YES;
				LOCALIZED_STRING_SWIFTUI_SUPPORT = NO;
				PRODUCT_NAME = "$(TARGET_NAME)";
				SWIFT_STRICT_CONCURRENCY = complete;
				SWIFT_VERSION = 5.0;
			};
			name = Debug;
		};
		19D723362931945700B05410 /* Release */ = {
			isa = XCBuildConfiguration;
			buildSettings = {
				CODE_SIGN_STYLE = Automatic;
				DEAD_CODE_STRIPPING = YES;
				DEVELOPMENT_TEAM = 37EUQ42C7J;
				DOCC_EXTRACT_EXTENSION_SYMBOLS = NO;
				ENABLE_HARDENED_RUNTIME = YES;
				LOCALIZED_STRING_SWIFTUI_SUPPORT = NO;
				PRODUCT_NAME = "$(TARGET_NAME)";
				SWIFT_DISABLE_SAFETY_CHECKS = YES;
				SWIFT_VERSION = 5.0;
			};
			name = Release;
		};
/* End XCBuildConfiguration section */

/* Begin XCConfigurationList section */
		19D723282931945700B05410 /* Build configuration list for PBXProject "swiftmodule-diff" */ = {
			isa = XCConfigurationList;
			buildConfigurations = (
				19D723322931945700B05410 /* Debug */,
				19D723332931945700B05410 /* Release */,
			);
			defaultConfigurationIsVisible = 0;
			defaultConfigurationName = Release;
		};
		19D723342931945700B05410 /* Build configuration list for PBXNativeTarget "swiftmodule-diff" */ = {
			isa = XCConfigurationList;
			buildConfigurations = (
				19D723352931945700B05410 /* Debug */,
				19D723362931945700B05410 /* Release */,
			);
			defaultConfigurationIsVisible = 0;
			defaultConfigurationName = Release;
		};
/* End XCConfigurationList section */

/* Begin XCRemoteSwiftPackageReference section */
		19D0EBDC2A4057C8003C8B19 /* XCRemoteSwiftPackageReference "swift-argument-parser" */ = {
			isa = XCRemoteSwiftPackageReference;
			repositoryURL = "https://github.com/apple/swift-argument-parser.git";
			requirement = {
				kind = upToNextMajorVersion;
				minimumVersion = 1.2.2;
			};
		};
		19D723372931947700B05410 /* XCRemoteSwiftPackageReference "swift-syntax" */ = {
			isa = XCRemoteSwiftPackageReference;
			repositoryURL = "https://github.com/apple/swift-syntax";
			requirement = {
				branch = main;
				kind = branch;
			};
		};
/* End XCRemoteSwiftPackageReference section */

/* Begin XCSwiftPackageProductDependency section */
		19D0EBDD2A4057C8003C8B19 /* ArgumentParser */ = {
			isa = XCSwiftPackageProductDependency;
			package = 19D0EBDC2A4057C8003C8B19 /* XCRemoteSwiftPackageReference "swift-argument-parser" */;
			productName = ArgumentParser;
		};
		19D723382931947700B05410 /* SwiftDiagnostics */ = {
			isa = XCSwiftPackageProductDependency;
			package = 19D723372931947700B05410 /* XCRemoteSwiftPackageReference "swift-syntax" */;
			productName = SwiftDiagnostics;
		};
		19D7233A2931947700B05410 /* SwiftOperators */ = {
			isa = XCSwiftPackageProductDependency;
			package = 19D723372931947700B05410 /* XCRemoteSwiftPackageReference "swift-syntax" */;
			productName = SwiftOperators;
		};
		19D7233C2931947700B05410 /* SwiftParser */ = {
			isa = XCSwiftPackageProductDependency;
			package = 19D723372931947700B05410 /* XCRemoteSwiftPackageReference "swift-syntax" */;
			productName = SwiftParser;
		};
		19D7233E2931947700B05410 /* SwiftParserDiagnostics */ = {
			isa = XCSwiftPackageProductDependency;
			package = 19D723372931947700B05410 /* XCRemoteSwiftPackageReference "swift-syntax" */;
			productName = SwiftParserDiagnostics;
		};
		19D723402931947700B05410 /* SwiftSyntax */ = {
			isa = XCSwiftPackageProductDependency;
			package = 19D723372931947700B05410 /* XCRemoteSwiftPackageReference "swift-syntax" */;
			productName = SwiftSyntax;
		};
/* End XCSwiftPackageProductDependency section */
	};
	rootObject = 19D723252931945700B05410 /* Project object */;
}
